
Microsoft Visual Studio Solution File, Format Version 12.00
# Visual Studio Version 17
VisualStudioVersion = 17.4.33213.308
MinimumVisualStudioVersion = 10.0.40219.1
Project("{9A19103F-16F7-4668-BE54-9A1E7A4F7556}") = "LevelOne", "LevelOne\LevelOne.csproj", "{D0B4C9CE-269B-48F9-95C5-12AE38D8FBD0}"
EndProject
Project("{9A19103F-16F7-4668-BE54-9A1E7A4F7556}") = "LevelThree", "LevelThree\LevelThree.csproj", "{4669A4F1-51CD-4BB5-A1B8-465DAC0FD1E3}"
EndProject
Project("{9A19103F-16F7-4668-BE54-9A1E7A4F7556}") = "LevelFour", "LevelFour\LevelFour.csproj", "{0E183647-DBAE-44D9-852B-E8A923643391}"
EndProject
Project("{9A19103F-16F7-4668-BE54-9A1E7A4F7556}") = "LevelFive", "LevelFive\LevelFive.csproj", "{2FD56849-E1A7-4DCD-A34B-BCB2A2CF576C}"
EndProject
Project("{9A19103F-16F7-4668-BE54-9A1E7A4F7556}") = "LevelSix", "LevelSix\LevelSix.csproj", "{448B6081-9A7E-4A49-842D-49819E6AE2B5}"
EndProject
Project("{9A19103F-16F7-4668-BE54-9A1E7A4F7556}") = "Level7", "Level7\Level7.csproj", "{60E7B389-99B1-4D94-8588-5466E4269DFE}"
EndProject
Project("{9A19103F-16F7-4668-BE54-9A1E7A4F7556}") = "Level8", "Level8\Level8.csproj", "{4AB6467F-FDEB-4B9F-96C1-0022EC17AC43}"
EndProject
Project("{9A19103F-16F7-4668-BE54-9A1E7A4F7556}") = "Level9", "Level9\Level9.csproj", "{49C5D359-5F9A-40AE-8CFC-A936A7CF3F59}"
EndProject
Project("{9A19103F-16F7-4668-BE54-9A1E7A4F7556}") = "Level10", "Level10\Level10.csproj", "{5B507440-DE1D-49D7-8981-2C2FB68044D6}"
EndProject
Project("{9A19103F-16F7-4668-BE54-9A1E7A4F7556}") = "Level11", "Level11\Level11.csproj", "{2C180BE9-D241-4D6F-9DD2-C7A8D1EF9858}"
EndProject
Project("{9A19103F-16F7-4668-BE54-9A1E7A4F7556}") = "Level12", "Level12\Level12.csproj", "{174A61F5-1057-4FB1-9A56-8467418BDC02}"
EndProject
Project("{9A19103F-16F7-4668-BE54-9A1E7A4F7556}") = "Level13", "Level13\Level13.csproj", "{33CAC35E-3097-48EC-9CA1-FDE74E82A657}"
EndProject
Project("{9A19103F-16F7-4668-BE54-9A1E7A4F7556}") = "Extensions", "Extensions\Extensions.csproj", "{1F15930A-2E50-49B1-AC93-A770ADFFB21B}"
EndProject
Project("{9A19103F-16F7-4668-BE54-9A1E7A4F7556}") = "Level14", "Level14\Level14.csproj", "{F96B5DC1-2B5C-4F4D-9B7A-26474FC567E8}"
EndProject
Project("{FAE04EC0-301F-11D3-BF4B-00C04F79EFBC}") = "Level15", "Level15\Level15.csproj", "{47854686-8EF6-4338-BDF7-2F0AB2A9F439}"
EndProject
Global
	GlobalSection(SolutionConfigurationPlatforms) = preSolution
		Debug|Any CPU = Debug|Any CPU
		Release|Any CPU = Release|Any CPU
	EndGlobalSection
	GlobalSection(ProjectConfigurationPlatforms) = postSolution
		{D0B4C9CE-269B-48F9-95C5-12AE38D8FBD0}.Debug|Any CPU.ActiveCfg = Debug|Any CPU
		{D0B4C9CE-269B-48F9-95C5-12AE38D8FBD0}.Debug|Any CPU.Build.0 = Debug|Any CPU
		{D0B4C9CE-269B-48F9-95C5-12AE38D8FBD0}.Release|Any CPU.ActiveCfg = Release|Any CPU
		{D0B4C9CE-269B-48F9-95C5-12AE38D8FBD0}.Release|Any CPU.Build.0 = Release|Any CPU
		{4669A4F1-51CD-4BB5-A1B8-465DAC0FD1E3}.Debug|Any CPU.ActiveCfg = Debug|Any CPU
		{4669A4F1-51CD-4BB5-A1B8-465DAC0FD1E3}.Debug|Any CPU.Build.0 = Debug|Any CPU
		{4669A4F1-51CD-4BB5-A1B8-465DAC0FD1E3}.Release|Any CPU.ActiveCfg = Release|Any CPU
		{4669A4F1-51CD-4BB5-A1B8-465DAC0FD1E3}.Release|Any CPU.Build.0 = Release|Any CPU
		{0E183647-DBAE-44D9-852B-E8A923643391}.Debug|Any CPU.ActiveCfg = Debug|Any CPU
		{0E183647-DBAE-44D9-852B-E8A923643391}.Debug|Any CPU.Build.0 = Debug|Any CPU
		{0E183647-DBAE-44D9-852B-E8A923643391}.Release|Any CPU.ActiveCfg = Release|Any CPU
		{0E183647-DBAE-44D9-852B-E8A923643391}.Release|Any CPU.Build.0 = Release|Any CPU
		{2FD56849-E1A7-4DCD-A34B-BCB2A2CF576C}.Debug|Any CPU.ActiveCfg = Debug|Any CPU
		{2FD56849-E1A7-4DCD-A34B-BCB2A2CF576C}.Debug|Any CPU.Build.0 = Debug|Any CPU
		{2FD56849-E1A7-4DCD-A34B-BCB2A2CF576C}.Release|Any CPU.ActiveCfg = Release|Any CPU
		{2FD56849-E1A7-4DCD-A34B-BCB2A2CF576C}.Release|Any CPU.Build.0 = Release|Any CPU
		{448B6081-9A7E-4A49-842D-49819E6AE2B5}.Debug|Any CPU.ActiveCfg = Debug|Any CPU
		{448B6081-9A7E-4A49-842D-49819E6AE2B5}.Debug|Any CPU.Build.0 = Debug|Any CPU
		{448B6081-9A7E-4A49-842D-49819E6AE2B5}.Release|Any CPU.ActiveCfg = Release|Any CPU
		{448B6081-9A7E-4A49-842D-49819E6AE2B5}.Release|Any CPU.Build.0 = Release|Any CPU
		{60E7B389-99B1-4D94-8588-5466E4269DFE}.Debug|Any CPU.ActiveCfg = Debug|Any CPU
		{60E7B389-99B1-4D94-8588-5466E4269DFE}.Debug|Any CPU.Build.0 = Debug|Any CPU
		{60E7B389-99B1-4D94-8588-5466E4269DFE}.Release|Any CPU.ActiveCfg = Release|Any CPU
		{60E7B389-99B1-4D94-8588-5466E4269DFE}.Release|Any CPU.Build.0 = Release|Any CPU
		{4AB6467F-FDEB-4B9F-96C1-0022EC17AC43}.Debug|Any CPU.ActiveCfg = Debug|Any CPU
		{4AB6467F-FDEB-4B9F-96C1-0022EC17AC43}.Debug|Any CPU.Build.0 = Debug|Any CPU
		{4AB6467F-FDEB-4B9F-96C1-0022EC17AC43}.Release|Any CPU.ActiveCfg = Release|Any CPU
		{4AB6467F-FDEB-4B9F-96C1-0022EC17AC43}.Release|Any CPU.Build.0 = Release|Any CPU
		{49C5D359-5F9A-40AE-8CFC-A936A7CF3F59}.Debug|Any CPU.ActiveCfg = Debug|Any CPU
		{49C5D359-5F9A-40AE-8CFC-A936A7CF3F59}.Debug|Any CPU.Build.0 = Debug|Any CPU
		{49C5D359-5F9A-40AE-8CFC-A936A7CF3F59}.Release|Any CPU.ActiveCfg = Release|Any CPU
		{49C5D359-5F9A-40AE-8CFC-A936A7CF3F59}.Release|Any CPU.Build.0 = Release|Any CPU
		{5B507440-DE1D-49D7-8981-2C2FB68044D6}.Debug|Any CPU.ActiveCfg = Debug|Any CPU
		{5B507440-DE1D-49D7-8981-2C2FB68044D6}.Debug|Any CPU.Build.0 = Debug|Any CPU
		{5B507440-DE1D-49D7-8981-2C2FB68044D6}.Release|Any CPU.ActiveCfg = Release|Any CPU
		{5B507440-DE1D-49D7-8981-2C2FB68044D6}.Release|Any CPU.Build.0 = Release|Any CPU
		{2C180BE9-D241-4D6F-9DD2-C7A8D1EF9858}.Debug|Any CPU.ActiveCfg = Debug|Any CPU
		{2C180BE9-D241-4D6F-9DD2-C7A8D1EF9858}.Debug|Any CPU.Build.0 = Debug|Any CPU
		{2C180BE9-D241-4D6F-9DD2-C7A8D1EF9858}.Release|Any CPU.ActiveCfg = Release|Any CPU
		{2C180BE9-D241-4D6F-9DD2-C7A8D1EF9858}.Release|Any CPU.Build.0 = Release|Any CPU
		{174A61F5-1057-4FB1-9A56-8467418BDC02}.Debug|Any CPU.ActiveCfg = Debug|Any CPU
		{174A61F5-1057-4FB1-9A56-8467418BDC02}.Debug|Any CPU.Build.0 = Debug|Any CPU
		{174A61F5-1057-4FB1-9A56-8467418BDC02}.Release|Any CPU.ActiveCfg = Release|Any CPU
		{174A61F5-1057-4FB1-9A56-8467418BDC02}.Release|Any CPU.Build.0 = Release|Any CPU
		{33CAC35E-3097-48EC-9CA1-FDE74E82A657}.Debug|Any CPU.ActiveCfg = Debug|Any CPU
		{33CAC35E-3097-48EC-9CA1-FDE74E82A657}.Debug|Any CPU.Build.0 = Debug|Any CPU
		{33CAC35E-3097-48EC-9CA1-FDE74E82A657}.Release|Any CPU.ActiveCfg = Release|Any CPU
		{33CAC35E-3097-48EC-9CA1-FDE74E82A657}.Release|Any CPU.Build.0 = Release|Any CPU
		{1F15930A-2E50-49B1-AC93-A770ADFFB21B}.Debug|Any CPU.ActiveCfg = Debug|Any CPU
		{1F15930A-2E50-49B1-AC93-A770ADFFB21B}.Debug|Any CPU.Build.0 = Debug|Any CPU
		{1F15930A-2E50-49B1-AC93-A770ADFFB21B}.Release|Any CPU.ActiveCfg = Release|Any CPU
		{1F15930A-2E50-49B1-AC93-A770ADFFB21B}.Release|Any CPU.Build.0 = Release|Any CPU
		{F96B5DC1-2B5C-4F4D-9B7A-26474FC567E8}.Debug|Any CPU.ActiveCfg = Debug|Any CPU
		{F96B5DC1-2B5C-4F4D-9B7A-26474FC567E8}.Debug|Any CPU.Build.0 = Debug|Any CPU
		{F96B5DC1-2B5C-4F4D-9B7A-26474FC567E8}.Release|Any CPU.ActiveCfg = Release|Any CPU
		{F96B5DC1-2B5C-4F4D-9B7A-26474FC567E8}.Release|Any CPU.Build.0 = Release|Any CPU
		{47854686-8EF6-4338-BDF7-2F0AB2A9F439}.Debug|Any CPU.ActiveCfg = Debug|Any CPU
		{47854686-8EF6-4338-BDF7-2F0AB2A9F439}.Debug|Any CPU.Build.0 = Debug|Any CPU
		{47854686-8EF6-4338-BDF7-2F0AB2A9F439}.Release|Any CPU.ActiveCfg = Release|Any CPU
		{47854686-8EF6-4338-BDF7-2F0AB2A9F439}.Release|Any CPU.Build.0 = Release|Any CPU
	EndGlobalSection
	GlobalSection(SolutionProperties) = preSolution
		HideSolutionNode = FALSE
	EndGlobalSection
	GlobalSection(ExtensibilityGlobals) = postSolution
		SolutionGuid = {49F2D59A-296A-4B04-A036-B4103A59491B}
	EndGlobalSection
EndGlobal
