
Microsoft Visual Studio Solution File, Format Version 12.00
# Visual Studio Version 17
VisualStudioVersion = 17.4.33213.308
MinimumVisualStudioVersion = 10.0.40219.1
Project("{FAE04EC0-301F-11D3-BF4B-00C04F79EFBC}") = "ValidationExtensions", "ValidationExtensions\ValidationExtensions.csproj", "{A64DE589-A0AD-4242-B2B0-30720F568F40}"
EndProject
Project("{FAE04EC0-301F-11D3-BF4B-00C04F79EFBC}") = "ExtensionTests", "ExtensionTests\ExtensionTests.csproj", "{1C017B83-A75F-4AE2-A3DA-DF609F59BB7E}"
EndProject
Global
	GlobalSection(SolutionConfigurationPlatforms) = preSolution
		Debug|Any CPU = Debug|Any CPU
		Release|Any CPU = Release|Any CPU
	EndGlobalSection
	GlobalSection(ProjectConfigurationPlatforms) = postSolution
		{A64DE589-A0AD-4242-B2B0-30720F568F40}.Debug|Any CPU.ActiveCfg = Debug|Any CPU
		{A64DE589-A0AD-4242-B2B0-30720F568F40}.Debug|Any CPU.Build.0 = Debug|Any CPU
		{A64DE589-A0AD-4242-B2B0-30720F568F40}.Release|Any CPU.ActiveCfg = Release|Any CPU
		{A64DE589-A0AD-4242-B2B0-30720F568F40}.Release|Any CPU.Build.0 = Release|Any CPU
		{1C017B83-A75F-4AE2-A3DA-DF609F59BB7E}.Debug|Any CPU.ActiveCfg = Debug|Any CPU
		{1C017B83-A75F-4AE2-A3DA-DF609F59BB7E}.Debug|Any CPU.Build.0 = Debug|Any CPU
		{1C017B83-A75F-4AE2-A3DA-DF609F59BB7E}.Release|Any CPU.ActiveCfg = Release|Any CPU
		{1C017B83-A75F-4AE2-A3DA-DF609F59BB7E}.Release|Any CPU.Build.0 = Release|Any CPU
	EndGlobalSection
	GlobalSection(SolutionProperties) = preSolution
		HideSolutionNode = FALSE
	EndGlobalSection
	GlobalSection(ExtensibilityGlobals) = postSolution
		SolutionGuid = {1229E996-32EC-40E2-BDED-AC35CBF759EB}
	EndGlobalSection
EndGlobal
